
Microsoft Visual Studio Solution File, Format Version 12.00
# Visual Studio Version 17
VisualStudioVersion = 17.3.32825.248
MinimumVisualStudioVersion = 10.0.40219.1
Project("{9A19103F-16F7-4668-BE54-9A1E7A4F7556}") = "Perigee.Configuration.DependencyInjection", "Perigee.Configuration.DependencyInjection\Perigee.Configuration.DependencyInjection.csproj", "{A0FC6A27-785A-4FAE-A0BE-63F7B0E23378}"
EndProject
Project("{2150E333-8FDC-42A3-9474-1A3956D46DE8}") = "Solution Items", "Solution Items", "{55C330B7-EC21-4028-8978-2D87255579D5}"
	ProjectSection(SolutionItems) = preProject
		.github\workflows\CI.yml = .github\workflows\CI.yml
		GitVersion.yml = GitVersion.yml
		README.md = README.md
	EndProjectSection
EndProject
Project("{9A19103F-16F7-4668-BE54-9A1E7A4F7556}") = "ExampleConsoleApp", "ExampleConsoleApp\ExampleConsoleApp.csproj", "{1B40280C-BBBD-4DA6-A980-3B130C0D6CC5}"
EndProject
Project("{FAE04EC0-301F-11D3-BF4B-00C04F79EFBC}") = "ExampleConsoleEmbeddedResource", "ExampleConsoleEmbeddedResource\ExampleConsoleEmbeddedResource.csproj", "{16FDDBCC-8282-4390-91C1-CBFBE3758C5D}"
EndProject
Global
	GlobalSection(SolutionConfigurationPlatforms) = preSolution
		Debug|Any CPU = Debug|Any CPU
		Release|Any CPU = Release|Any CPU
	EndGlobalSection
	GlobalSection(ProjectConfigurationPlatforms) = postSolution
		{A0FC6A27-785A-4FAE-A0BE-63F7B0E23378}.Debug|Any CPU.ActiveCfg = Debug|Any CPU
		{A0FC6A27-785A-4FAE-A0BE-63F7B0E23378}.Debug|Any CPU.Build.0 = Debug|Any CPU
		{A0FC6A27-785A-4FAE-A0BE-63F7B0E23378}.Release|Any CPU.ActiveCfg = Release|Any CPU
		{A0FC6A27-785A-4FAE-A0BE-63F7B0E23378}.Release|Any CPU.Build.0 = Release|Any CPU
		{1B40280C-BBBD-4DA6-A980-3B130C0D6CC5}.Debug|Any CPU.ActiveCfg = Debug|Any CPU
		{1B40280C-BBBD-4DA6-A980-3B130C0D6CC5}.Debug|Any CPU.Build.0 = Debug|Any CPU
		{1B40280C-BBBD-4DA6-A980-3B130C0D6CC5}.Release|Any CPU.ActiveCfg = Release|Any CPU
		{1B40280C-BBBD-4DA6-A980-3B130C0D6CC5}.Release|Any CPU.Build.0 = Release|Any CPU
		{16FDDBCC-8282-4390-91C1-CBFBE3758C5D}.Debug|Any CPU.ActiveCfg = Debug|Any CPU
		{16FDDBCC-8282-4390-91C1-CBFBE3758C5D}.Debug|Any CPU.Build.0 = Debug|Any CPU
		{16FDDBCC-8282-4390-91C1-CBFBE3758C5D}.Release|Any CPU.ActiveCfg = Release|Any CPU
		{16FDDBCC-8282-4390-91C1-CBFBE3758C5D}.Release|Any CPU.Build.0 = Release|Any CPU
	EndGlobalSection
	GlobalSection(SolutionProperties) = preSolution
		HideSolutionNode = FALSE
	EndGlobalSection
	GlobalSection(ExtensibilityGlobals) = postSolution
		SolutionGuid = {66A16C40-3303-4379-B5D3-BB14A054B6E8}
	EndGlobalSection
EndGlobal
